
Microsoft Visual Studio Solution File, Format Version 12.00
# Visual Studio 15
Project("{FAE04EC0-301F-11D3-BF4B-00C04F79EFBC}") = "Busqueda_binaria", "Busqueda_binaria\Busqueda_binaria.csproj", "{1CFF4F35-292A-4F17-94B1-79B3EA969D4A}"
EndProject
Global
	GlobalSection(SolutionConfigurationPlatforms) = preSolution
		Debug|x86 = Debug|x86
		Release|x86 = Release|x86
	EndGlobalSection
	GlobalSection(ProjectConfigurationPlatforms) = postSolution
		{1CFF4F35-292A-4F17-94B1-79B3EA969D4A}.Debug|x86.ActiveCfg = Debug|x86
		{1CFF4F35-292A-4F17-94B1-79B3EA969D4A}.Debug|x86.Build.0 = Debug|x86
		{1CFF4F35-292A-4F17-94B1-79B3EA969D4A}.Release|x86.ActiveCfg = Release|x86
		{1CFF4F35-292A-4F17-94B1-79B3EA969D4A}.Release|x86.Build.0 = Release|x86
	EndGlobalSection
EndGlobal
